
Microsoft Visual Studio Solution File, Format Version 12.00
# Visual Studio Version 17
VisualStudioVersion = 17.1.32210.238
MinimumVisualStudioVersion = 10.0.40219.1
Project("{2150E333-8FDC-42A3-9474-1A3956D46DE8}") = "Clients", "Clients", "{78AD7C2C-14DC-42C7-ABE2-0D510C9F1C30}"
EndProject
Project("{9A19103F-16F7-4668-BE54-9A1E7A4F7556}") = "Demo1.Web", "Demo1.Web\Demo1.Web.csproj", "{927C9421-670F-4F93-A2EE-871641910EA6}"
EndProject
Project("{2150E333-8FDC-42A3-9474-1A3956D46DE8}") = "Services", "Services", "{41080640-1F73-4370-B5D5-EC1B228DCCB7}"
EndProject
Project("{9A19103F-16F7-4668-BE54-9A1E7A4F7556}") = "Demo1Api", "Demo1Api\Demo1Api.csproj", "{4748AED7-5531-4C89-BD5A-837027577B0B}"
EndProject
Project("{9A19103F-16F7-4668-BE54-9A1E7A4F7556}") = "Demo.Services.Identity", "Demo.Services.Identity\Demo.Services.Identity.csproj", "{C4C87DAC-B13C-4E39-BAF5-F83E201FF7E1}"
EndProject
Global
	GlobalSection(SolutionConfigurationPlatforms) = preSolution
		Debug|Any CPU = Debug|Any CPU
		Release|Any CPU = Release|Any CPU
	EndGlobalSection
	GlobalSection(ProjectConfigurationPlatforms) = postSolution
		{927C9421-670F-4F93-A2EE-871641910EA6}.Debug|Any CPU.ActiveCfg = Debug|Any CPU
		{927C9421-670F-4F93-A2EE-871641910EA6}.Debug|Any CPU.Build.0 = Debug|Any CPU
		{927C9421-670F-4F93-A2EE-871641910EA6}.Release|Any CPU.ActiveCfg = Release|Any CPU
		{927C9421-670F-4F93-A2EE-871641910EA6}.Release|Any CPU.Build.0 = Release|Any CPU
		{4748AED7-5531-4C89-BD5A-837027577B0B}.Debug|Any CPU.ActiveCfg = Debug|Any CPU
		{4748AED7-5531-4C89-BD5A-837027577B0B}.Debug|Any CPU.Build.0 = Debug|Any CPU
		{4748AED7-5531-4C89-BD5A-837027577B0B}.Release|Any CPU.ActiveCfg = Release|Any CPU
		{4748AED7-5531-4C89-BD5A-837027577B0B}.Release|Any CPU.Build.0 = Release|Any CPU
		{C4C87DAC-B13C-4E39-BAF5-F83E201FF7E1}.Debug|Any CPU.ActiveCfg = Debug|Any CPU
		{C4C87DAC-B13C-4E39-BAF5-F83E201FF7E1}.Debug|Any CPU.Build.0 = Debug|Any CPU
		{C4C87DAC-B13C-4E39-BAF5-F83E201FF7E1}.Release|Any CPU.ActiveCfg = Release|Any CPU
		{C4C87DAC-B13C-4E39-BAF5-F83E201FF7E1}.Release|Any CPU.Build.0 = Release|Any CPU
	EndGlobalSection
	GlobalSection(SolutionProperties) = preSolution
		HideSolutionNode = FALSE
	EndGlobalSection
	GlobalSection(NestedProjects) = preSolution
		{927C9421-670F-4F93-A2EE-871641910EA6} = {78AD7C2C-14DC-42C7-ABE2-0D510C9F1C30}
		{4748AED7-5531-4C89-BD5A-837027577B0B} = {41080640-1F73-4370-B5D5-EC1B228DCCB7}
		{C4C87DAC-B13C-4E39-BAF5-F83E201FF7E1} = {41080640-1F73-4370-B5D5-EC1B228DCCB7}
	EndGlobalSection
	GlobalSection(ExtensibilityGlobals) = postSolution
		SolutionGuid = {348078A9-AECE-4636-AFC9-9E9B3CD41B9B}
	EndGlobalSection
EndGlobal
